
Microsoft Visual Studio Solution File, Format Version 12.00
# Visual Studio 14
VisualStudioVersion = 14.0.25420.1
MinimumVisualStudioVersion = 10.0.40219.1
Project("{8BC9CEB8-8B4A-11D0-8D11-00A0C91BC942}") = "coopnet", "coopnet.vcxproj", "{CF1E62AC-27E6-434C-970E-8135AE54C3B5}"
EndProject
Project("{8BC9CEB8-8B4A-11D0-8D11-00A0C91BC942}") = "boost-msvc", "..\boost\boost\boost-msvc.vcxproj", "{5DB9B8CC-C208-46CE-8F91-0D3586644B73}"
EndProject
Global
	GlobalSection(SolutionConfigurationPlatforms) = preSolution
		Debug|x64 = Debug|x64
		Debug|x86 = Debug|x86
		Release|x64 = Release|x64
		Release|x86 = Release|x86
	EndGlobalSection
	GlobalSection(ProjectConfigurationPlatforms) = postSolution
		{CF1E62AC-27E6-434C-970E-8135AE54C3B5}.Debug|x64.ActiveCfg = Debug|x64
		{CF1E62AC-27E6-434C-970E-8135AE54C3B5}.Debug|x64.Build.0 = Debug|x64
		{CF1E62AC-27E6-434C-970E-8135AE54C3B5}.Debug|x86.ActiveCfg = Debug|Win32
		{CF1E62AC-27E6-434C-970E-8135AE54C3B5}.Debug|x86.Build.0 = Debug|Win32
		{CF1E62AC-27E6-434C-970E-8135AE54C3B5}.Release|x64.ActiveCfg = Release|x64
		{CF1E62AC-27E6-434C-970E-8135AE54C3B5}.Release|x64.Build.0 = Release|x64
		{CF1E62AC-27E6-434C-970E-8135AE54C3B5}.Release|x86.ActiveCfg = Release|Win32
		{CF1E62AC-27E6-434C-970E-8135AE54C3B5}.Release|x86.Build.0 = Release|Win32
		{5DB9B8CC-C208-46CE-8F91-0D3586644B73}.Debug|x64.ActiveCfg = Debug|x64
		{5DB9B8CC-C208-46CE-8F91-0D3586644B73}.Debug|x86.ActiveCfg = Debug|Win32
		{5DB9B8CC-C208-46CE-8F91-0D3586644B73}.Release|x64.ActiveCfg = Release|x64
		{5DB9B8CC-C208-46CE-8F91-0D3586644B73}.Release|x86.ActiveCfg = Release|Win32
	EndGlobalSection
	GlobalSection(SolutionProperties) = preSolution
		HideSolutionNode = FALSE
	EndGlobalSection
EndGlobal
